
Microsoft Visual Studio Solution File, Format Version 12.00
# Visual Studio 15
VisualStudioVersion = 15.0.26730.12
MinimumVisualStudioVersion = 10.0.40219.1
Project("{8BC9CEB8-8B4A-11D0-8D11-00A0C91BC942}") = "Task4", "Task4\Task4.vcxproj", "{BF91E125-B297-46F1-9DD4-64B0634AD123}"
EndProject
Global
	GlobalSection(SolutionConfigurationPlatforms) = preSolution
		Debug|x64 = Debug|x64
		Debug|x86 = Debug|x86
		Release|x64 = Release|x64
		Release|x86 = Release|x86
	EndGlobalSection
	GlobalSection(ProjectConfigurationPlatforms) = postSolution
		{BF91E125-B297-46F1-9DD4-64B0634AD123}.Debug|x64.ActiveCfg = Debug|x64
		{BF91E125-B297-46F1-9DD4-64B0634AD123}.Debug|x64.Build.0 = Debug|x64
		{BF91E125-B297-46F1-9DD4-64B0634AD123}.Debug|x86.ActiveCfg = Debug|Win32
		{BF91E125-B297-46F1-9DD4-64B0634AD123}.Debug|x86.Build.0 = Debug|Win32
		{BF91E125-B297-46F1-9DD4-64B0634AD123}.Release|x64.ActiveCfg = Release|x64
		{BF91E125-B297-46F1-9DD4-64B0634AD123}.Release|x64.Build.0 = Release|x64
		{BF91E125-B297-46F1-9DD4-64B0634AD123}.Release|x86.ActiveCfg = Release|Win32
		{BF91E125-B297-46F1-9DD4-64B0634AD123}.Release|x86.Build.0 = Release|Win32
	EndGlobalSection
	GlobalSection(SolutionProperties) = preSolution
		HideSolutionNode = FALSE
	EndGlobalSection
	GlobalSection(ExtensibilityGlobals) = postSolution
		SolutionGuid = {1A7413B1-E44B-4932-BD14-3B2FDC5C0BCF}
	EndGlobalSection
EndGlobal
